<?xml version="1.0" encoding="utf-8"?>
<Project ToolsVersion="4.0" xmlns="http://schemas.microsoft.com/developer/msbuild/2003">
  <ItemGroup>
    <Filter Include="CustomNi">
      <UniqueIdentifier>{f019bf48-6e44-4865-bbe8-47593e6b01b8}</UniqueIdentifier>
    </Filter>
    <Filter Include="Data">
      <UniqueIdentifier>{27a54eac-2273-4e6f-afc1-1d580eee0d2e}</UniqueIdentifier>
    </Filter>
    <Filter Include="Logger">
      <UniqueIdentifier>{7e290fbc-bea5-4e45-82a7-bfe10211ffbe}</UniqueIdentifier>
    </Filter>
    <Filter Include="NiApplication">
      <UniqueIdentifier>{b7b53076-83a1-4196-ad74-80c0a8c02a11}</UniqueIdentifier>
    </Filter>
    <Filter Include="NiInterface">
      <UniqueIdentifier>{875efb01-ce01-4971-8264-8fd1359da94c}</UniqueIdentifier>
    </Filter>
    <Filter Include="Scene">
      <UniqueIdentifier>{f2d3b8df-00a9-4805-ae1b-50a230d9ad8f}</UniqueIdentifier>
    </Filter>
    <Filter Include="Includes">
      <UniqueIdentifier>{0fd2d1a5-6ca8-49db-b822-eb10f1db8b70}</UniqueIdentifier>
    </Filter>
    <Filter Include="Includes\ImGui">
      <UniqueIdentifier>{f1c32c6a-fe6b-44bc-91a0-f9bc2d443021}</UniqueIdentifier>
    </Filter>
    <Filter Include="Includes\md5">
      <UniqueIdentifier>{71149a9a-d42e-4c3e-a3ea-deb05d9d03f8}</UniqueIdentifier>
    </Filter>
    <Filter Include="Data\Settings">
      <UniqueIdentifier>{2d363652-3d43-49e3-aaf4-66379ddaa891}</UniqueIdentifier>
    </Filter>
    <Filter Include="Includes\Ini">
      <UniqueIdentifier>{232af55f-3883-490d-b370-c9cce28da9fb}</UniqueIdentifier>
    </Filter>
    <Filter Include="Data\SHBD">
      <UniqueIdentifier>{7d99ffca-03c8-416e-8ded-40356de3ee57}</UniqueIdentifier>
    </Filter>
    <Filter Include="Data\IngameWorld">
      <UniqueIdentifier>{e4622090-4bdd-4758-bd60-c43956ed2031}</UniqueIdentifier>
    </Filter>
    <Filter Include="Data\HTDBrush">
      <UniqueIdentifier>{26cb47e0-b716-40a1-b0c7-d2f8a4d1515a}</UniqueIdentifier>
    </Filter>
  </ItemGroup>
  <ItemGroup>
    <ClInclude Include="src\CustomNi\NiFileLoader.h">
      <Filter>CustomNi</Filter>
    </ClInclude>
    <ClInclude Include="src\CustomNi\NiPickable.h">
      <Filter>CustomNi</Filter>
    </ClInclude>
    <ClInclude Include="src\Data\IniFile.h">
      <Filter>Data</Filter>
    </ClInclude>
    <ClInclude Include="src\Data\SHNManager.h">
      <Filter>Data</Filter>
    </ClInclude>
    <ClInclude Include="src\Data\SHNStruct.h">
      <Filter>Data</Filter>
    </ClInclude>
    <ClInclude Include="src\Logger\Logger.h">
      <Filter>Logger</Filter>
    </ClInclude>
    <ClInclude Include="src\NiApplication\FiestaOnlineTool.h">
      <Filter>NiApplication</Filter>
    </ClInclude>
    <ClInclude Include="src\NiApplication\FiestaOnlineTool_GeneralHeaders.h">
      <Filter>NiApplication</Filter>
    </ClInclude>
    <ClInclude Include="src\Scene\FiestaScene.h">
      <Filter>Scene</Filter>
    </ClInclude>
    <ClInclude Include="src\Scene\SetupScene.h">
      <Filter>Scene</Filter>
    </ClInclude>
    <ClInclude Include="src\ImGuiConstantFuncs.h" />
    <ClInclude Include="src\PgUtil.h" />
    <ClInclude Include="src\NiInterface\PgWin.h">
      <Filter>NiInterface</Filter>
    </ClInclude>
    <ClInclude Include="src\NiInterface\PgWinMgr.h">
      <Filter>NiInterface</Filter>
    </ClInclude>
    <ClInclude Include="src\NiInterface\PgWinObj.h">
      <Filter>NiInterface</Filter>
    </ClInclude>
    <ClInclude Include="Includes\ImGui\GraphEditor.h">
      <Filter>Includes\ImGui</Filter>
    </ClInclude>
    <ClInclude Include="Includes\ImGui\ImApp.h">
      <Filter>Includes\ImGui</Filter>
    </ClInclude>
    <ClInclude Include="Includes\ImGui\imconfig.h">
      <Filter>Includes\ImGui</Filter>
    </ClInclude>
    <ClInclude Include="Includes\ImGui\ImCurveEdit.h">
      <Filter>Includes\ImGui</Filter>
    </ClInclude>
    <ClInclude Include="Includes\ImGui\imfilebrowser.h">
      <Filter>Includes\ImGui</Filter>
    </ClInclude>
    <ClInclude Include="Includes\ImGui\ImGradient.h">
      <Filter>Includes\ImGui</Filter>
    </ClInclude>
    <ClInclude Include="Includes\ImGui\imgui.h">
      <Filter>Includes\ImGui</Filter>
    </ClInclude>
    <ClInclude Include="Includes\ImGui\imgui_impl_dx9.h">
      <Filter>Includes\ImGui</Filter>
    </ClInclude>
    <ClInclude Include="Includes\ImGui\imgui_impl_dx10.h">
      <Filter>Includes\ImGui</Filter>
    </ClInclude>
    <ClInclude Include="Includes\ImGui\imgui_impl_win32.h">
      <Filter>Includes\ImGui</Filter>
    </ClInclude>
    <ClInclude Include="Includes\ImGui\imgui_internal.h">
      <Filter>Includes\ImGui</Filter>
    </ClInclude>
    <ClInclude Include="Includes\ImGui\ImGuizmo.h">
      <Filter>Includes\ImGui</Filter>
    </ClInclude>
    <ClInclude Include="Includes\ImGui\ImSequencer.h">
      <Filter>Includes\ImGui</Filter>
    </ClInclude>
    <ClInclude Include="Includes\ImGui\imstb_rectpack.h">
      <Filter>Includes\ImGui</Filter>
    </ClInclude>
    <ClInclude Include="Includes\ImGui\imstb_textedit.h">
      <Filter>Includes\ImGui</Filter>
    </ClInclude>
    <ClInclude Include="Includes\ImGui\imstb_truetype.h">
      <Filter>Includes\ImGui</Filter>
    </ClInclude>
    <ClInclude Include="Includes\ImGui\ImZoomSlider.h">
      <Filter>Includes\ImGui</Filter>
    </ClInclude>
    <ClInclude Include="Includes\md5\md5.h">
      <Filter>Includes\md5</Filter>
    </ClInclude>
    <ClInclude Include="src\Settings\Settings.h">
      <Filter>Data\Settings</Filter>
    </ClInclude>
    <ClInclude Include="Includes\Ini\ini.h">
      <Filter>Includes\Ini</Filter>
    </ClInclude>
    <ClInclude Include="Includes\Ini\INIReader.h">
      <Filter>Includes\Ini</Filter>
    </ClInclude>
    <ClInclude Include="src\Data\SHBD\SHBD.h">
      <Filter>Data\SHBD</Filter>
    </ClInclude>
    <ClInclude Include="src\Data\Version.h">
      <Filter>Data</Filter>
    </ClInclude>
    <ClInclude Include="src\Scene\EditScene.h">
      <Filter>Scene</Filter>
    </ClInclude>
    <ClInclude Include="src\CustomNi\NiBoundingBox.h">
      <Filter>CustomNi</Filter>
    </ClInclude>
    <ClInclude Include="src\Data\SHMD\SHMD.h">
      <Filter>Data</Filter>
    </ClInclude>
    <ClInclude Include="src\NiInterface\NiViewPort\NiViewPort.h">
      <Filter>CustomNi</Filter>
    </ClInclude>
    <ClInclude Include="src\Data\IngameWorld.h">
      <Filter>Data\IngameWorld</Filter>
    </ClInclude>
    <ClInclude Include="src\Data\HTDBrush\HTDBrush.h">
      <Filter>Data\HTDBrush</Filter>
    </ClInclude>
    <ClInclude Include="src\Data\HTDBrush\ChangeBrush.h">
      <Filter>Data\HTDBrush</Filter>
    </ClInclude>
    <ClInclude Include="src\Data\HTDBrush\LevelingBrush.h">
      <Filter>Data\HTDBrush</Filter>
    </ClInclude>
    <ClInclude Include="src\Data\HTDBrush\SmoothingBrush.h">
      <Filter>Data\HTDBrush</Filter>
    </ClInclude>
    <ClInclude Include="src\Data\HTDBrush\PerlinBrush.h">
      <Filter>Data\HTDBrush</Filter>
    </ClInclude>
  </ItemGroup>
  <ItemGroup>
    <ClCompile Include="src\CustomNi\NiPickable.cpp">
      <Filter>CustomNi</Filter>
    </ClCompile>
    <ClCompile Include="src\Data\IniFile.cpp">
      <Filter>Data</Filter>
    </ClCompile>
    <ClCompile Include="src\Data\SHNManager.cpp">
      <Filter>Data</Filter>
    </ClCompile>
    <ClCompile Include="src\Logger\Logger.cpp">
      <Filter>Logger</Filter>
    </ClCompile>
    <ClCompile Include="src\NiApplication\FiestaOnlineTool.cpp">
      <Filter>NiApplication</Filter>
    </ClCompile>
    <ClCompile Include="src\NiApplication\FiestaOnlineTool_Init.cpp">
      <Filter>NiApplication</Filter>
    </ClCompile>
    <ClCompile Include="src\NiApplication\FiestaOnlineTool_StaticDefines.cpp">
      <Filter>NiApplication</Filter>
    </ClCompile>
    <ClCompile Include="src\NiApplication\FiestaOnlineTool_UI.cpp">
      <Filter>NiApplication</Filter>
    </ClCompile>
    <ClCompile Include="src\Scene\FiestaScene.cpp">
      <Filter>Scene</Filter>
    </ClCompile>
    <ClCompile Include="src\Scene\SetupScene.cpp">
      <Filter>Scene</Filter>
    </ClCompile>
    <ClCompile Include="src\main.cpp" />
    <ClCompile Include="src\NiInterface\PgWin.cpp">
      <Filter>NiInterface</Filter>
    </ClCompile>
    <ClCompile Include="Includes\ImGui\GraphEditor.cpp">
      <Filter>Includes\ImGui</Filter>
    </ClCompile>
    <ClCompile Include="Includes\ImGui\ImCurveEdit.cpp">
      <Filter>Includes\ImGui</Filter>
    </ClCompile>
    <ClCompile Include="Includes\ImGui\ImGradient.cpp">
      <Filter>Includes\ImGui</Filter>
    </ClCompile>
    <ClCompile Include="Includes\ImGui\imgui.cpp">
      <Filter>Includes\ImGui</Filter>
    </ClCompile>
    <ClCompile Include="Includes\ImGui\imgui_demo.cpp">
      <Filter>Includes\ImGui</Filter>
    </ClCompile>
    <ClCompile Include="Includes\ImGui\imgui_draw.cpp">
      <Filter>Includes\ImGui</Filter>
    </ClCompile>
    <ClCompile Include="Includes\ImGui\imgui_impl_dx9.cpp">
      <Filter>Includes\ImGui</Filter>
    </ClCompile>
    <ClCompile Include="Includes\ImGui\imgui_impl_dx10.cpp">
      <Filter>Includes\ImGui</Filter>
    </ClCompile>
    <ClCompile Include="Includes\ImGui\imgui_impl_win32.cpp">
      <Filter>Includes\ImGui</Filter>
    </ClCompile>
    <ClCompile Include="Includes\ImGui\imgui_tables.cpp">
      <Filter>Includes\ImGui</Filter>
    </ClCompile>
    <ClCompile Include="Includes\ImGui\imgui_widgets.cpp">
      <Filter>Includes\ImGui</Filter>
    </ClCompile>
    <ClCompile Include="Includes\ImGui\ImGuizmo.cpp">
      <Filter>Includes\ImGui</Filter>
    </ClCompile>
    <ClCompile Include="Includes\ImGui\ImSequencer.cpp">
      <Filter>Includes\ImGui</Filter>
    </ClCompile>
    <ClCompile Include="Includes\md5\md5.cpp">
      <Filter>Includes\md5</Filter>
    </ClCompile>
    <ClCompile Include="src\Settings\Settings.cpp">
      <Filter>Data\Settings</Filter>
    </ClCompile>
    <ClCompile Include="Includes\Ini\ini.c">
      <Filter>Includes\Ini</Filter>
    </ClCompile>
    <ClCompile Include="Includes\Ini\INIReader.cpp">
      <Filter>Includes\Ini</Filter>
    </ClCompile>
    <ClCompile Include="src\Data\SHBD\SHBD.cpp">
      <Filter>Data\SHBD</Filter>
    </ClCompile>
    <ClCompile Include="src\Data\Version.cpp">
      <Filter>Data</Filter>
    </ClCompile>
    <ClCompile Include="src\Scene\EditScene.cpp">
      <Filter>Scene</Filter>
    </ClCompile>
    <ClCompile Include="src\Scene\EditSceneImGui.cpp">
      <Filter>Scene</Filter>
    </ClCompile>
    <ClCompile Include="src\Scene\EditSceneControlls.cpp">
      <Filter>Scene</Filter>
    </ClCompile>
    <ClCompile Include="src\Data\IngameWorldInit.cpp">
      <Filter>Data\IngameWorld</Filter>
    </ClCompile>
    <ClCompile Include="src\Data\IngameWorld.cpp">
      <Filter>Data\IngameWorld</Filter>
    </ClCompile>
    <ClCompile Include="src\Data\HTDBrush\HTDBrush.cpp">
      <Filter>Data\HTDBrush</Filter>
    </ClCompile>
  </ItemGroup>
  <ItemGroup>
    <None Include="Includes\ImGui\imgui.ini">
      <Filter>Includes\ImGui</Filter>
    </None>
  </ItemGroup>
</Project>