<?xml version="1.0" encoding="utf-8"?>
<Project ToolsVersion="4.0" xmlns="http://schemas.microsoft.com/developer/msbuild/2003">
  <ItemGroup>
    <ClCompile Include="FiestaRenderer.cpp">
      <Filter>FIestaRenderer</Filter>
    </ClCompile>
    <ClCompile Include="FiestaOnlineTool.cpp">
      <Filter>Fiesta Online Tool</Filter>
    </ClCompile>
    <ClCompile Include="main.cpp">
      <Filter>Fiesta Online Tool</Filter>
    </ClCompile>
    <ClCompile Include="PgWin.cpp">
      <Filter>FIestaRenderer</Filter>
    </ClCompile>
  </ItemGroup>
  <ItemGroup>
    <Filter Include="Fiesta Online Tool">
      <UniqueIdentifier>{bb9fc71e-3509-4f26-a92b-acdc15155d6f}</UniqueIdentifier>
    </Filter>
    <Filter Include="FIestaRenderer">
      <UniqueIdentifier>{f6e5c635-6649-4c6f-8d31-ca5b6d66719e}</UniqueIdentifier>
    </Filter>
  </ItemGroup>
  <ItemGroup>
    <ClInclude Include="FiestaRenderer.h">
      <Filter>FIestaRenderer</Filter>
    </ClInclude>
    <ClInclude Include="FiestaOnlineTool.h">
      <Filter>Fiesta Online Tool</Filter>
    </ClInclude>
    <ClInclude Include="FiestaRendererTypeDef.h">
      <Filter>FIestaRenderer</Filter>
    </ClInclude>
    <ClInclude Include="PgWinMgr.h">
      <Filter>Fiesta Online Tool</Filter>
    </ClInclude>
    <ClInclude Include="PgUtil.h">
      <Filter>Fiesta Online Tool</Filter>
    </ClInclude>
    <ClInclude Include="PgWin.h">
      <Filter>Fiesta Online Tool</Filter>
    </ClInclude>
    <ClInclude Include="PgWinObj.h">
      <Filter>Fiesta Online Tool</Filter>
    </ClInclude>
  </ItemGroup>
</Project>